
Microsoft Visual Studio Solution File, Format Version 12.00
# Visual Studio Version 16
VisualStudioVersion = 16.0.29911.84
MinimumVisualStudioVersion = 10.0.40219.1
Project("{E24C65DC-7377-472B-9ABA-BC803B73C61A}") = "DJ", "DJ\", "{9F68CD86-263B-4FEC-A774-5EB273E0CEEB}"
	ProjectSection(WebsiteProperties) = preProject
		TargetFrameworkMoniker = ".NETFramework,Version%3Dv4.7.2"
		ProjectReferences = "{48e995ca-b039-445c-abb6-99bf8072d1e1}|BLL.dll;{24d3609d-24f6-42ef-b8df-62c6ace7f26b}|Model.dll;{baf75f88-1510-411a-8461-7e672edb78de}|Utility.dll;{EFB254CA-9DD0-4E9F-92CD-58733F12A349}|DAL.dll;"
		Debug.AspNetCompiler.VirtualPath = "/localhost_56935"
		Debug.AspNetCompiler.PhysicalPath = "DJ\"
		Debug.AspNetCompiler.TargetPath = "PrecompiledWeb\localhost_56935\"
		Debug.AspNetCompiler.Updateable = "true"
		Debug.AspNetCompiler.ForceOverwrite = "true"
		Debug.AspNetCompiler.FixedNames = "false"
		Debug.AspNetCompiler.Debug = "True"
		Release.AspNetCompiler.VirtualPath = "/localhost_56935"
		Release.AspNetCompiler.PhysicalPath = "DJ\"
		Release.AspNetCompiler.TargetPath = "PrecompiledWeb\localhost_56935\"
		Release.AspNetCompiler.Updateable = "true"
		Release.AspNetCompiler.ForceOverwrite = "true"
		Release.AspNetCompiler.FixedNames = "false"
		Release.AspNetCompiler.Debug = "False"
		VWDPort = "56935"
		SlnRelativePath = "DJ\"
		DefaultWebSiteLanguage = "Visual C#"
	EndProjectSection
EndProject
Project("{FAE04EC0-301F-11D3-BF4B-00C04F79EFBC}") = "BLL", "BLL\BLL.csproj", "{48E995CA-B039-445C-ABB6-99BF8072D1E1}"
EndProject
Project("{FAE04EC0-301F-11D3-BF4B-00C04F79EFBC}") = "DAL", "DAL\DAL.csproj", "{EFB254CA-9DD0-4E9F-92CD-58733F12A349}"
EndProject
Project("{FAE04EC0-301F-11D3-BF4B-00C04F79EFBC}") = "Model", "Model\Model.csproj", "{24D3609D-24F6-42EF-B8DF-62C6ACE7F26B}"
EndProject
Project("{FAE04EC0-301F-11D3-BF4B-00C04F79EFBC}") = "Utility", "Utility\Utility.csproj", "{BAF75F88-1510-411A-8461-7E672EDB78DE}"
EndProject
Global
	GlobalSection(SolutionConfigurationPlatforms) = preSolution
		Debug|Any CPU = Debug|Any CPU
		Release|Any CPU = Release|Any CPU
	EndGlobalSection
	GlobalSection(ProjectConfigurationPlatforms) = postSolution
		{9F68CD86-263B-4FEC-A774-5EB273E0CEEB}.Debug|Any CPU.ActiveCfg = Debug|Any CPU
		{9F68CD86-263B-4FEC-A774-5EB273E0CEEB}.Debug|Any CPU.Build.0 = Debug|Any CPU
		{9F68CD86-263B-4FEC-A774-5EB273E0CEEB}.Release|Any CPU.ActiveCfg = Debug|Any CPU
		{9F68CD86-263B-4FEC-A774-5EB273E0CEEB}.Release|Any CPU.Build.0 = Debug|Any CPU
		{48E995CA-B039-445C-ABB6-99BF8072D1E1}.Debug|Any CPU.ActiveCfg = Debug|Any CPU
		{48E995CA-B039-445C-ABB6-99BF8072D1E1}.Debug|Any CPU.Build.0 = Debug|Any CPU
		{48E995CA-B039-445C-ABB6-99BF8072D1E1}.Release|Any CPU.ActiveCfg = Release|Any CPU
		{48E995CA-B039-445C-ABB6-99BF8072D1E1}.Release|Any CPU.Build.0 = Release|Any CPU
		{EFB254CA-9DD0-4E9F-92CD-58733F12A349}.Debug|Any CPU.ActiveCfg = Debug|Any CPU
		{EFB254CA-9DD0-4E9F-92CD-58733F12A349}.Debug|Any CPU.Build.0 = Debug|Any CPU
		{EFB254CA-9DD0-4E9F-92CD-58733F12A349}.Release|Any CPU.ActiveCfg = Release|Any CPU
		{EFB254CA-9DD0-4E9F-92CD-58733F12A349}.Release|Any CPU.Build.0 = Release|Any CPU
		{24D3609D-24F6-42EF-B8DF-62C6ACE7F26B}.Debug|Any CPU.ActiveCfg = Debug|Any CPU
		{24D3609D-24F6-42EF-B8DF-62C6ACE7F26B}.Debug|Any CPU.Build.0 = Debug|Any CPU
		{24D3609D-24F6-42EF-B8DF-62C6ACE7F26B}.Release|Any CPU.ActiveCfg = Release|Any CPU
		{24D3609D-24F6-42EF-B8DF-62C6ACE7F26B}.Release|Any CPU.Build.0 = Release|Any CPU
		{BAF75F88-1510-411A-8461-7E672EDB78DE}.Debug|Any CPU.ActiveCfg = Debug|Any CPU
		{BAF75F88-1510-411A-8461-7E672EDB78DE}.Debug|Any CPU.Build.0 = Debug|Any CPU
		{BAF75F88-1510-411A-8461-7E672EDB78DE}.Release|Any CPU.ActiveCfg = Release|Any CPU
		{BAF75F88-1510-411A-8461-7E672EDB78DE}.Release|Any CPU.Build.0 = Release|Any CPU
	EndGlobalSection
	GlobalSection(SolutionProperties) = preSolution
		HideSolutionNode = FALSE
	EndGlobalSection
	GlobalSection(ExtensibilityGlobals) = postSolution
		SolutionGuid = {03E98818-A7A0-4A13-B61D-F000B2E8640D}
	EndGlobalSection
EndGlobal
